
Microsoft Visual Studio Solution File, Format Version 12.00
# Visual Studio Version 16
VisualStudioVersion = 16.0.31205.134
MinimumVisualStudioVersion = 10.0.40219.1
Project("{FAE04EC0-301F-11D3-BF4B-00C04F79EFBC}") = "KeyVaultUtility", "KeyVaultUtility\KeyVaultUtility.csproj", "{CEEAD14E-D080-4949-93FC-8EB061CDFBD7}"
EndProject
Global
	GlobalSection(SolutionConfigurationPlatforms) = preSolution
		Debug|Any CPU = Debug|Any CPU
		Release|Any CPU = Release|Any CPU
	EndGlobalSection
	GlobalSection(ProjectConfigurationPlatforms) = postSolution
		{CEEAD14E-D080-4949-93FC-8EB061CDFBD7}.Debug|Any CPU.ActiveCfg = Debug|Any CPU
		{CEEAD14E-D080-4949-93FC-8EB061CDFBD7}.Debug|Any CPU.Build.0 = Debug|Any CPU
		{CEEAD14E-D080-4949-93FC-8EB061CDFBD7}.Release|Any CPU.ActiveCfg = Release|Any CPU
		{CEEAD14E-D080-4949-93FC-8EB061CDFBD7}.Release|Any CPU.Build.0 = Release|Any CPU
	EndGlobalSection
	GlobalSection(SolutionProperties) = preSolution
		HideSolutionNode = FALSE
	EndGlobalSection
	GlobalSection(ExtensibilityGlobals) = postSolution
		SolutionGuid = {A1197D6C-58F5-4342-9006-4BB3E98508BD}
	EndGlobalSection
EndGlobal
